// !$*UTF8*$!
{
	archiveVersion = 1;
	classes = {
	};
	objectVersion = 52;
	objects = {

/* Begin PBXBuildFile section */
		7654352525F8D5C800070C3B /* AppDelegate.swift in Sources */ = {isa = PBXBuildFile; fileRef = 7654352425F8D5C800070C3B /* AppDelegate.swift */; };
		7654352925F8D5C800070C3B /* ArtistsViewController.swift in Sources */ = {isa = PBXBuildFile; fileRef = 7654352825F8D5C800070C3B /* ArtistsViewController.swift */; };
		7654352E25F8D5CA00070C3B /* Assets.xcassets in Resources */ = {isa = PBXBuildFile; fileRef = 7654352D25F8D5CA00070C3B /* Assets.xcassets */; };
		7654353125F8D5CA00070C3B /* LaunchScreen.storyboard in Resources */ = {isa = PBXBuildFile; fileRef = 7654352F25F8D5CA00070C3B /* LaunchScreen.storyboard */; };
		7654353B25F8D65800070C3B /* ApolloCore in Frameworks */ = {isa = PBXBuildFile; productRef = 7654353A25F8D65800070C3B /* ApolloCore */; };
		7654353D25F8D65800070C3B /* ApolloSQLite in Frameworks */ = {isa = PBXBuildFile; productRef = 7654353C25F8D65800070C3B /* ApolloSQLite */; };
		7654353F25F8D65800070C3B /* ApolloWebSocket in Frameworks */ = {isa = PBXBuildFile; productRef = 7654353E25F8D65800070C3B /* ApolloWebSocket */; };
		7654354125F8D65800070C3B /* Apollo in Frameworks */ = {isa = PBXBuildFile; productRef = 7654354025F8D65800070C3B /* Apollo */; };
		7654354325F8D65800070C3B /* ApolloCodegenLib in Frameworks */ = {isa = PBXBuildFile; productRef = 7654354225F8D65800070C3B /* ApolloCodegenLib */; };
		7654354D25F8D83E00070C3B /* ArtistsService.graphql in Resources */ = {isa = PBXBuildFile; fileRef = 7654354C25F8D83E00070C3B /* ArtistsService.graphql */; };
		7654355B25F8DF8500070C3B /* API.swift in Sources */ = {isa = PBXBuildFile; fileRef = 7654355925F8DF8500070C3B /* API.swift */; };
		7654355E25F8DF9E00070C3B /* schema.json in Resources */ = {isa = PBXBuildFile; fileRef = 7654355825F8DF8500070C3B /* schema.json */; };
		E205F9F92629B4BF0080A5F5 /* Network.swift in Sources */ = {isa = PBXBuildFile; fileRef = E205F9F82629B4BE0080A5F5 /* Network.swift */; };
		E205FA012629DD4D0080A5F5 /* ArtistsViewModel.swift in Sources */ = {isa = PBXBuildFile; fileRef = E205FA002629DD4D0080A5F5 /* ArtistsViewModel.swift */; };
		E205FA062629F8520080A5F5 /* Kingfisher in Frameworks */ = {isa = PBXBuildFile; productRef = E205FA052629F8520080A5F5 /* Kingfisher */; };
		E205FA0B2629FAC40080A5F5 /* SnapKit in Frameworks */ = {isa = PBXBuildFile; productRef = E205FA0A2629FAC40080A5F5 /* SnapKit */; };
		E205FA0E262A0AC10080A5F5 /* MainViewController.swift in Sources */ = {isa = PBXBuildFile; fileRef = E205FA0D262A0AC10080A5F5 /* MainViewController.swift */; };
		E205FA15262A0B790080A5F5 /* Constants.swift in Sources */ = {isa = PBXBuildFile; fileRef = E205FA14262A0B790080A5F5 /* Constants.swift */; };
		E2A0C0F9262CD6F70091E6EC /* Cosmos in Frameworks */ = {isa = PBXBuildFile; productRef = E2A0C0F8262CD6F70091E6EC /* Cosmos */; };
		E2A0C0FC262CDA500091E6EC /* UIImageView+Extension.swift in Sources */ = {isa = PBXBuildFile; fileRef = E2A0C0FB262CDA500091E6EC /* UIImageView+Extension.swift */; };
		E2A0C103262CE6F20091E6EC /* LoadingOverlayView.swift in Sources */ = {isa = PBXBuildFile; fileRef = E2A0C102262CE6F20091E6EC /* LoadingOverlayView.swift */; };
		E2A0C10C262E519D0091E6EC /* PlaceholderView.swift in Sources */ = {isa = PBXBuildFile; fileRef = E2A0C10B262E519D0091E6EC /* PlaceholderView.swift */; };
		E2A0C10F262E77BF0091E6EC /* CustomButton.swift in Sources */ = {isa = PBXBuildFile; fileRef = E2A0C10E262E77BF0091E6EC /* CustomButton.swift */; };
		E2A0C116262E887B0091E6EC /* UICollectionView+Extension.swift in Sources */ = {isa = PBXBuildFile; fileRef = E2A0C115262E887B0091E6EC /* UICollectionView+Extension.swift */; };
		E2A0C11B262EA3000091E6EC /* MCCollectionViewFlowLayout.swift in Sources */ = {isa = PBXBuildFile; fileRef = E2A0C11A262EA3000091E6EC /* MCCollectionViewFlowLayout.swift */; };
		E2A0C11E262EA3760091E6EC /* MCTagCollectionViewCell.swift in Sources */ = {isa = PBXBuildFile; fileRef = E2A0C11D262EA3760091E6EC /* MCTagCollectionViewCell.swift */; };
		E2A0C121262EA3C80091E6EC /* MCTagCollectionView.swift in Sources */ = {isa = PBXBuildFile; fileRef = E2A0C120262EA3C80091E6EC /* MCTagCollectionView.swift */; };
		E2A0C124262EA4250091E6EC /* MCTagsView.swift in Sources */ = {isa = PBXBuildFile; fileRef = E2A0C123262EA4250091E6EC /* MCTagsView.swift */; };
		E2A0C12A262F487C0091E6EC /* SceneDelegate.swift in Sources */ = {isa = PBXBuildFile; fileRef = E2A0C129262F487C0091E6EC /* SceneDelegate.swift */; };
		E2A0C131262F50980091E6EC /* MainSplitViewController.swift in Sources */ = {isa = PBXBuildFile; fileRef = E2A0C130262F50980091E6EC /* MainSplitViewController.swift */; };
		E2A0C136262F5C5B0091E6EC /* UIViewController+Extension.swift in Sources */ = {isa = PBXBuildFile; fileRef = E2A0C135262F5C5B0091E6EC /* UIViewController+Extension.swift */; };
		E2A0C13D262FD8B30091E6EC /* UserDefaults+Extension.swift in Sources */ = {isa = PBXBuildFile; fileRef = E2A0C13C262FD8B30091E6EC /* UserDefaults+Extension.swift */; };
		E2A0C14826302A3A0091E6EC /* ArtistDetailsPlaceholderViewController.swift in Sources */ = {isa = PBXBuildFile; fileRef = E2A0C14726302A3A0091E6EC /* ArtistDetailsPlaceholderViewController.swift */; };
		E2A0C14C26302AF50091E6EC /* UIColor+Extension.swift in Sources */ = {isa = PBXBuildFile; fileRef = E2A0C14B26302AF50091E6EC /* UIColor+Extension.swift */; };
		E2CE9532262A2180008A6959 /* Localizable.strings in Resources */ = {isa = PBXBuildFile; fileRef = E2CE9531262A2180008A6959 /* Localizable.strings */; };
		E2CE9537262A21D0008A6959 /* String+Extension.swift in Sources */ = {isa = PBXBuildFile; fileRef = E2CE9536262A21D0008A6959 /* String+Extension.swift */; };
		E2CE953B262A3DB1008A6959 /* Artist.swift in Sources */ = {isa = PBXBuildFile; fileRef = E2CE953A262A3DB1008A6959 /* Artist.swift */; };
		E2CE9540262A462F008A6959 /* ArtistCell.swift in Sources */ = {isa = PBXBuildFile; fileRef = E2CE953F262A462F008A6959 /* ArtistCell.swift */; };
		E2CE9545262A9CB3008A6959 /* CustomSearchController.swift in Sources */ = {isa = PBXBuildFile; fileRef = E2CE9544262A9CB3008A6959 /* CustomSearchController.swift */; };
		E2CE9549262AB6AF008A6959 /* LoadingReusableView.swift in Sources */ = {isa = PBXBuildFile; fileRef = E2CE9548262AB6AF008A6959 /* LoadingReusableView.swift */; };
		E2CE954D262B3A82008A6959 /* UISearchBar+Extension.swift in Sources */ = {isa = PBXBuildFile; fileRef = E2CE954C262B3A82008A6959 /* UISearchBar+Extension.swift */; };
		E2CE955A262B838C008A6959 /* UIControl+Extension.swift in Sources */ = {isa = PBXBuildFile; fileRef = E2CE9559262B838C008A6959 /* UIControl+Extension.swift */; };
		E2DFBB25262B8FC9006FAAD6 /* ShadowButton.swift in Sources */ = {isa = PBXBuildFile; fileRef = E2DFBB24262B8FC9006FAAD6 /* ShadowButton.swift */; };
		E2DFBB2C262B978D006FAAD6 /* DB.swift in Sources */ = {isa = PBXBuildFile; fileRef = E2DFBB2B262B978D006FAAD6 /* DB.swift */; };
		E2DFBB32262BB65C006FAAD6 /* MobileChallenge.xcdatamodeld in Sources */ = {isa = PBXBuildFile; fileRef = E2DFBB30262BB65C006FAAD6 /* MobileChallenge.xcdatamodeld */; };
		E2DFBB36262BC103006FAAD6 /* ArtistLocal.swift in Sources */ = {isa = PBXBuildFile; fileRef = E2DFBB35262BC103006FAAD6 /* ArtistLocal.swift */; };
		E2DFBB3C262BDBC0006FAAD6 /* ArtistsData.swift in Sources */ = {isa = PBXBuildFile; fileRef = E2DFBB3B262BDBC0006FAAD6 /* ArtistsData.swift */; };
		E2DFBB40262BE934006FAAD6 /* BookmarksViewController.swift in Sources */ = {isa = PBXBuildFile; fileRef = E2DFBB3F262BE934006FAAD6 /* BookmarksViewController.swift */; };
		E2DFBB44262C7710006FAAD6 /* CommonArtistListViewController.swift in Sources */ = {isa = PBXBuildFile; fileRef = E2DFBB43262C7710006FAAD6 /* CommonArtistListViewController.swift */; };
		E2DFBB4B262C8889006FAAD6 /* BookmarksViewModel.swift in Sources */ = {isa = PBXBuildFile; fileRef = E2DFBB4A262C8889006FAAD6 /* BookmarksViewModel.swift */; };
		E2DFBB4F262CA192006FAAD6 /* ArtistDetailsViewController.swift in Sources */ = {isa = PBXBuildFile; fileRef = E2DFBB4E262CA192006FAAD6 /* ArtistDetailsViewController.swift */; };
		E2DFBB53262CA291006FAAD6 /* ArtistDetailsPageViewController.swift in Sources */ = {isa = PBXBuildFile; fileRef = E2DFBB52262CA291006FAAD6 /* ArtistDetailsPageViewController.swift */; };
		E2DFBB58262CA85B006FAAD6 /* MainNavigationController.swift in Sources */ = {isa = PBXBuildFile; fileRef = E2DFBB57262CA85B006FAAD6 /* MainNavigationController.swift */; };
		E2DFBB5C262CB61E006FAAD6 /* ArtistDetailsViewModel.swift in Sources */ = {isa = PBXBuildFile; fileRef = E2DFBB5B262CB61E006FAAD6 /* ArtistDetailsViewModel.swift */; };
/* End PBXBuildFile section */

/* Begin PBXFileReference section */
		7654352125F8D5C800070C3B /* MobileChallenge.app */ = {isa = PBXFileReference; explicitFileType = wrapper.application; includeInIndex = 0; path = MobileChallenge.app; sourceTree = BUILT_PRODUCTS_DIR; };
		7654352425F8D5C800070C3B /* AppDelegate.swift */ = {isa = PBXFileReference; lastKnownFileType = sourcecode.swift; path = AppDelegate.swift; sourceTree = "<group>"; };
		7654352825F8D5C800070C3B /* ArtistsViewController.swift */ = {isa = PBXFileReference; lastKnownFileType = sourcecode.swift; path = ArtistsViewController.swift; sourceTree = "<group>"; };
		7654352D25F8D5CA00070C3B /* Assets.xcassets */ = {isa = PBXFileReference; lastKnownFileType = folder.assetcatalog; path = Assets.xcassets; sourceTree = "<group>"; };
		7654353025F8D5CA00070C3B /* Base */ = {isa = PBXFileReference; lastKnownFileType = file.storyboard; name = Base; path = Base.lproj/LaunchScreen.storyboard; sourceTree = "<group>"; };
		7654353225F8D5CA00070C3B /* Info.plist */ = {isa = PBXFileReference; lastKnownFileType = text.plist.xml; path = Info.plist; sourceTree = "<group>"; };
		7654354C25F8D83E00070C3B /* ArtistsService.graphql */ = {isa = PBXFileReference; lastKnownFileType = text; path = ArtistsService.graphql; sourceTree = "<group>"; };
		7654355825F8DF8500070C3B /* schema.json */ = {isa = PBXFileReference; fileEncoding = 4; lastKnownFileType = text.json; path = schema.json; sourceTree = "<group>"; };
		7654355925F8DF8500070C3B /* API.swift */ = {isa = PBXFileReference; fileEncoding = 4; lastKnownFileType = sourcecode.swift; path = API.swift; sourceTree = "<group>"; };
		E205F9F82629B4BE0080A5F5 /* Network.swift */ = {isa = PBXFileReference; lastKnownFileType = sourcecode.swift; path = Network.swift; sourceTree = "<group>"; };
		E205FA002629DD4D0080A5F5 /* ArtistsViewModel.swift */ = {isa = PBXFileReference; lastKnownFileType = sourcecode.swift; path = ArtistsViewModel.swift; sourceTree = "<group>"; };
		E205FA0D262A0AC10080A5F5 /* MainViewController.swift */ = {isa = PBXFileReference; lastKnownFileType = sourcecode.swift; path = MainViewController.swift; sourceTree = "<group>"; };
		E205FA14262A0B790080A5F5 /* Constants.swift */ = {isa = PBXFileReference; lastKnownFileType = sourcecode.swift; path = Constants.swift; sourceTree = "<group>"; };
		E2A0C0FB262CDA500091E6EC /* UIImageView+Extension.swift */ = {isa = PBXFileReference; lastKnownFileType = sourcecode.swift; path = "UIImageView+Extension.swift"; sourceTree = "<group>"; };
		E2A0C102262CE6F20091E6EC /* LoadingOverlayView.swift */ = {isa = PBXFileReference; lastKnownFileType = sourcecode.swift; path = LoadingOverlayView.swift; sourceTree = "<group>"; };
		E2A0C10B262E519D0091E6EC /* PlaceholderView.swift */ = {isa = PBXFileReference; lastKnownFileType = sourcecode.swift; path = PlaceholderView.swift; sourceTree = "<group>"; };
		E2A0C10E262E77BF0091E6EC /* CustomButton.swift */ = {isa = PBXFileReference; lastKnownFileType = sourcecode.swift; path = CustomButton.swift; sourceTree = "<group>"; };
		E2A0C115262E887B0091E6EC /* UICollectionView+Extension.swift */ = {isa = PBXFileReference; lastKnownFileType = sourcecode.swift; path = "UICollectionView+Extension.swift"; sourceTree = "<group>"; };
		E2A0C11A262EA3000091E6EC /* MCCollectionViewFlowLayout.swift */ = {isa = PBXFileReference; lastKnownFileType = sourcecode.swift; path = MCCollectionViewFlowLayout.swift; sourceTree = "<group>"; };
		E2A0C11D262EA3760091E6EC /* MCTagCollectionViewCell.swift */ = {isa = PBXFileReference; lastKnownFileType = sourcecode.swift; path = MCTagCollectionViewCell.swift; sourceTree = "<group>"; };
		E2A0C120262EA3C80091E6EC /* MCTagCollectionView.swift */ = {isa = PBXFileReference; lastKnownFileType = sourcecode.swift; path = MCTagCollectionView.swift; sourceTree = "<group>"; };
		E2A0C123262EA4250091E6EC /* MCTagsView.swift */ = {isa = PBXFileReference; lastKnownFileType = sourcecode.swift; path = MCTagsView.swift; sourceTree = "<group>"; };
		E2A0C129262F487C0091E6EC /* SceneDelegate.swift */ = {isa = PBXFileReference; lastKnownFileType = sourcecode.swift; path = SceneDelegate.swift; sourceTree = "<group>"; };
		E2A0C130262F50980091E6EC /* MainSplitViewController.swift */ = {isa = PBXFileReference; lastKnownFileType = sourcecode.swift; path = MainSplitViewController.swift; sourceTree = "<group>"; };
		E2A0C135262F5C5B0091E6EC /* UIViewController+Extension.swift */ = {isa = PBXFileReference; lastKnownFileType = sourcecode.swift; path = "UIViewController+Extension.swift"; sourceTree = "<group>"; };
		E2A0C13C262FD8B30091E6EC /* UserDefaults+Extension.swift */ = {isa = PBXFileReference; lastKnownFileType = sourcecode.swift; path = "UserDefaults+Extension.swift"; sourceTree = "<group>"; };
		E2A0C14726302A3A0091E6EC /* ArtistDetailsPlaceholderViewController.swift */ = {isa = PBXFileReference; lastKnownFileType = sourcecode.swift; path = ArtistDetailsPlaceholderViewController.swift; sourceTree = "<group>"; };
		E2A0C14B26302AF50091E6EC /* UIColor+Extension.swift */ = {isa = PBXFileReference; lastKnownFileType = sourcecode.swift; path = "UIColor+Extension.swift"; sourceTree = "<group>"; };
		E2CE9531262A2180008A6959 /* Localizable.strings */ = {isa = PBXFileReference; lastKnownFileType = text.plist.strings; path = Localizable.strings; sourceTree = "<group>"; };
		E2CE9536262A21D0008A6959 /* String+Extension.swift */ = {isa = PBXFileReference; lastKnownFileType = sourcecode.swift; path = "String+Extension.swift"; sourceTree = "<group>"; };
		E2CE953A262A3DB1008A6959 /* Artist.swift */ = {isa = PBXFileReference; lastKnownFileType = sourcecode.swift; path = Artist.swift; sourceTree = "<group>"; };
		E2CE953F262A462F008A6959 /* ArtistCell.swift */ = {isa = PBXFileReference; lastKnownFileType = sourcecode.swift; path = ArtistCell.swift; sourceTree = "<group>"; };
		E2CE9544262A9CB3008A6959 /* CustomSearchController.swift */ = {isa = PBXFileReference; lastKnownFileType = sourcecode.swift; path = CustomSearchController.swift; sourceTree = "<group>"; };
		E2CE9548262AB6AF008A6959 /* LoadingReusableView.swift */ = {isa = PBXFileReference; lastKnownFileType = sourcecode.swift; path = LoadingReusableView.swift; sourceTree = "<group>"; };
		E2CE954C262B3A82008A6959 /* UISearchBar+Extension.swift */ = {isa = PBXFileReference; lastKnownFileType = sourcecode.swift; path = "UISearchBar+Extension.swift"; sourceTree = "<group>"; };
		E2CE9559262B838C008A6959 /* UIControl+Extension.swift */ = {isa = PBXFileReference; lastKnownFileType = sourcecode.swift; path = "UIControl+Extension.swift"; sourceTree = "<group>"; };
		E2DFBB24262B8FC9006FAAD6 /* ShadowButton.swift */ = {isa = PBXFileReference; lastKnownFileType = sourcecode.swift; path = ShadowButton.swift; sourceTree = "<group>"; };
		E2DFBB2B262B978D006FAAD6 /* DB.swift */ = {isa = PBXFileReference; lastKnownFileType = sourcecode.swift; path = DB.swift; sourceTree = "<group>"; };
		E2DFBB31262BB65C006FAAD6 /* MobileChallenge.xcdatamodel */ = {isa = PBXFileReference; lastKnownFileType = wrapper.xcdatamodel; path = MobileChallenge.xcdatamodel; sourceTree = "<group>"; };
		E2DFBB35262BC103006FAAD6 /* ArtistLocal.swift */ = {isa = PBXFileReference; lastKnownFileType = sourcecode.swift; path = ArtistLocal.swift; sourceTree = "<group>"; };
		E2DFBB3B262BDBC0006FAAD6 /* ArtistsData.swift */ = {isa = PBXFileReference; lastKnownFileType = sourcecode.swift; path = ArtistsData.swift; sourceTree = "<group>"; };
		E2DFBB3F262BE934006FAAD6 /* BookmarksViewController.swift */ = {isa = PBXFileReference; lastKnownFileType = sourcecode.swift; path = BookmarksViewController.swift; sourceTree = "<group>"; };
		E2DFBB43262C7710006FAAD6 /* CommonArtistListViewController.swift */ = {isa = PBXFileReference; lastKnownFileType = sourcecode.swift; path = CommonArtistListViewController.swift; sourceTree = "<group>"; };
		E2DFBB4A262C8889006FAAD6 /* BookmarksViewModel.swift */ = {isa = PBXFileReference; lastKnownFileType = sourcecode.swift; path = BookmarksViewModel.swift; sourceTree = "<group>"; };
		E2DFBB4E262CA192006FAAD6 /* ArtistDetailsViewController.swift */ = {isa = PBXFileReference; lastKnownFileType = sourcecode.swift; path = ArtistDetailsViewController.swift; sourceTree = "<group>"; };
		E2DFBB52262CA291006FAAD6 /* ArtistDetailsPageViewController.swift */ = {isa = PBXFileReference; lastKnownFileType = sourcecode.swift; path = ArtistDetailsPageViewController.swift; sourceTree = "<group>"; };
		E2DFBB57262CA85B006FAAD6 /* MainNavigationController.swift */ = {isa = PBXFileReference; lastKnownFileType = sourcecode.swift; path = MainNavigationController.swift; sourceTree = "<group>"; };
		E2DFBB5B262CB61E006FAAD6 /* ArtistDetailsViewModel.swift */ = {isa = PBXFileReference; lastKnownFileType = sourcecode.swift; path = ArtistDetailsViewModel.swift; sourceTree = "<group>"; };
/* End PBXFileReference section */

/* Begin PBXFrameworksBuildPhase section */
		7654351E25F8D5C800070C3B /* Frameworks */ = {
			isa = PBXFrameworksBuildPhase;
			buildActionMask = 2147483647;
			files = (
				E205FA062629F8520080A5F5 /* Kingfisher in Frameworks */,
				7654354325F8D65800070C3B /* ApolloCodegenLib in Frameworks */,
				E2A0C0F9262CD6F70091E6EC /* Cosmos in Frameworks */,
				7654353B25F8D65800070C3B /* ApolloCore in Frameworks */,
				E205FA0B2629FAC40080A5F5 /* SnapKit in Frameworks */,
				7654354125F8D65800070C3B /* Apollo in Frameworks */,
				7654353F25F8D65800070C3B /* ApolloWebSocket in Frameworks */,
				7654353D25F8D65800070C3B /* ApolloSQLite in Frameworks */,
			);
			runOnlyForDeploymentPostprocessing = 0;
		};
/* End PBXFrameworksBuildPhase section */

/* Begin PBXGroup section */
		7654351825F8D5C800070C3B = {
			isa = PBXGroup;
			children = (
				7654352325F8D5C800070C3B /* MobileChallenge */,
				7654352225F8D5C800070C3B /* Products */,
			);
			sourceTree = "<group>";
		};
		7654352225F8D5C800070C3B /* Products */ = {
			isa = PBXGroup;
			children = (
				7654352125F8D5C800070C3B /* MobileChallenge.app */,
			);
			name = Products;
			sourceTree = "<group>";
		};
		7654352325F8D5C800070C3B /* MobileChallenge */ = {
			isa = PBXGroup;
			children = (
				7654352425F8D5C800070C3B /* AppDelegate.swift */,
				E2A0C129262F487C0091E6EC /* SceneDelegate.swift */,
				E2DFBB29262B96FD006FAAD6 /* CoreData */,
				E205FA13262A0B630080A5F5 /* Storyboards */,
				7654354925F8D7DE00070C3B /* Network */,
				E2CE9539262A3D23008A6959 /* Models */,
				E205F9FF2629D9680080A5F5 /* ViewModels */,
				E2CE953D262A45F2008A6959 /* Views */,
				E205FA12262A0B4E0080A5F5 /* Utilities */,
				E205FA11262A0B0D0080A5F5 /* Supporting Files */,
			);
			path = MobileChallenge;
			sourceTree = "<group>";
		};
		7654354725F8D7A600070C3B /* Core */ = {
			isa = PBXGroup;
			children = (
				7654355925F8DF8500070C3B /* API.swift */,
				7654355825F8DF8500070C3B /* schema.json */,
			);
			path = Core;
			sourceTree = "<group>";
		};
		7654354925F8D7DE00070C3B /* Network */ = {
			isa = PBXGroup;
			children = (
				7654354B25F8D82A00070C3B /* ArtistsService */,
				7654354725F8D7A600070C3B /* Core */,
				E205F9F82629B4BE0080A5F5 /* Network.swift */,
			);
			path = Network;
			sourceTree = "<group>";
		};
		7654354B25F8D82A00070C3B /* ArtistsService */ = {
			isa = PBXGroup;
			children = (
				7654354C25F8D83E00070C3B /* ArtistsService.graphql */,
			);
			path = ArtistsService;
			sourceTree = "<group>";
		};
		E205F9FF2629D9680080A5F5 /* ViewModels */ = {
			isa = PBXGroup;
			children = (
				E205FA002629DD4D0080A5F5 /* ArtistsViewModel.swift */,
				E2DFBB4A262C8889006FAAD6 /* BookmarksViewModel.swift */,
				E2DFBB5B262CB61E006FAAD6 /* ArtistDetailsViewModel.swift */,
			);
			path = ViewModels;
			sourceTree = "<group>";
		};
		E205FA11262A0B0D0080A5F5 /* Supporting Files */ = {
			isa = PBXGroup;
			children = (
				E2CE9531262A2180008A6959 /* Localizable.strings */,
				7654352D25F8D5CA00070C3B /* Assets.xcassets */,
				7654353225F8D5CA00070C3B /* Info.plist */,
			);
			path = "Supporting Files";
			sourceTree = "<group>";
		};
		E205FA12262A0B4E0080A5F5 /* Utilities */ = {
			isa = PBXGroup;
			children = (
				E2CE9535262A21B0008A6959 /* Extensions */,
				E205FA14262A0B790080A5F5 /* Constants.swift */,
			);
			path = Utilities;
			sourceTree = "<group>";
		};
		E205FA13262A0B630080A5F5 /* Storyboards */ = {
			isa = PBXGroup;
			children = (
				7654352F25F8D5CA00070C3B /* LaunchScreen.storyboard */,
			);
			path = Storyboards;
			sourceTree = "<group>";
		};
		E2A0C105262CE6F70091E6EC /* UIView */ = {
			isa = PBXGroup;
			children = (
				E2A0C102262CE6F20091E6EC /* LoadingOverlayView.swift */,
				E2A0C10B262E519D0091E6EC /* PlaceholderView.swift */,
			);
			path = UIView;
			sourceTree = "<group>";
		};
		E2A0C119262EA2C90091E6EC /* MCTags */ = {
			isa = PBXGroup;
			children = (
				E2A0C120262EA3C80091E6EC /* MCTagCollectionView.swift */,
				E2A0C11A262EA3000091E6EC /* MCCollectionViewFlowLayout.swift */,
				E2A0C11D262EA3760091E6EC /* MCTagCollectionViewCell.swift */,
				E2A0C123262EA4250091E6EC /* MCTagsView.swift */,
			);
			path = MCTags;
			sourceTree = "<group>";
		};
		E2A0C13A262FD03B0091E6EC /* ArtistCells */ = {
			isa = PBXGroup;
			children = (
				E2CE953F262A462F008A6959 /* ArtistCell.swift */,
				E2CE9548262AB6AF008A6959 /* LoadingReusableView.swift */,
			);
			path = ArtistCells;
			sourceTree = "<group>";
		};
		E2CE9535262A21B0008A6959 /* Extensions */ = {
			isa = PBXGroup;
			children = (
				E2CE9536262A21D0008A6959 /* String+Extension.swift */,
				E2CE954C262B3A82008A6959 /* UISearchBar+Extension.swift */,
				E2CE9559262B838C008A6959 /* UIControl+Extension.swift */,
				E2A0C0FB262CDA500091E6EC /* UIImageView+Extension.swift */,
				E2A0C14B26302AF50091E6EC /* UIColor+Extension.swift */,
				E2A0C115262E887B0091E6EC /* UICollectionView+Extension.swift */,
				E2A0C135262F5C5B0091E6EC /* UIViewController+Extension.swift */,
				E2A0C13C262FD8B30091E6EC /* UserDefaults+Extension.swift */,
			);
			path = Extensions;
			sourceTree = "<group>";
		};
		E2CE9539262A3D23008A6959 /* Models */ = {
			isa = PBXGroup;
			children = (
				E2DFBB30262BB65C006FAAD6 /* MobileChallenge.xcdatamodeld */,
				E2DFBB38262BC107006FAAD6 /* API */,
				E2DFBB39262BC110006FAAD6 /* CoreData */,
			);
			path = Models;
			sourceTree = "<group>";
		};
		E2CE953D262A45F2008A6959 /* Views */ = {
			isa = PBXGroup;
			children = (
				E2DFBB2E262BB55D006FAAD6 /* Common */,
				E2CE953E262A4601008A6959 /* Artists */,
				E2DFBB3E262BE907006FAAD6 /* Bookmarks */,
				E2DFBB4D262CA175006FAAD6 /* ArtistDetails */,
			);
			path = Views;
			sourceTree = "<group>";
		};
		E2CE953E262A4601008A6959 /* Artists */ = {
			isa = PBXGroup;
			children = (
				7654352825F8D5C800070C3B /* ArtistsViewController.swift */,
			);
			path = Artists;
			sourceTree = "<group>";
		};
		E2DFBB29262B96FD006FAAD6 /* CoreData */ = {
			isa = PBXGroup;
			children = (
				E2DFBB2B262B978D006FAAD6 /* DB.swift */,
				E2DFBB3B262BDBC0006FAAD6 /* ArtistsData.swift */,
			);
			path = CoreData;
			sourceTree = "<group>";
		};
		E2DFBB2E262BB55D006FAAD6 /* Common */ = {
			isa = PBXGroup;
			children = (
				E2A0C13A262FD03B0091E6EC /* ArtistCells */,
				E2A0C119262EA2C90091E6EC /* MCTags */,
				E2DFBB47262C771F006FAAD6 /* UIViewController */,
				E2A0C105262CE6F70091E6EC /* UIView */,
				E2DFBB46262C7716006FAAD6 /* UISearchController */,
				E2DFBB48262C7725006FAAD6 /* UIButton */,
			);
			path = Common;
			sourceTree = "<group>";
		};
		E2DFBB38262BC107006FAAD6 /* API */ = {
			isa = PBXGroup;
			children = (
				E2CE953A262A3DB1008A6959 /* Artist.swift */,
			);
			path = API;
			sourceTree = "<group>";
		};
		E2DFBB39262BC110006FAAD6 /* CoreData */ = {
			isa = PBXGroup;
			children = (
				E2DFBB35262BC103006FAAD6 /* ArtistLocal.swift */,
			);
			path = CoreData;
			sourceTree = "<group>";
		};
		E2DFBB3E262BE907006FAAD6 /* Bookmarks */ = {
			isa = PBXGroup;
			children = (
				E2DFBB3F262BE934006FAAD6 /* BookmarksViewController.swift */,
			);
			path = Bookmarks;
			sourceTree = "<group>";
		};
		E2DFBB46262C7716006FAAD6 /* UISearchController */ = {
			isa = PBXGroup;
			children = (
				E2CE9544262A9CB3008A6959 /* CustomSearchController.swift */,
			);
			path = UISearchController;
			sourceTree = "<group>";
		};
		E2DFBB47262C771F006FAAD6 /* UIViewController */ = {
			isa = PBXGroup;
			children = (
				E2A0C130262F50980091E6EC /* MainSplitViewController.swift */,
				E2DFBB57262CA85B006FAAD6 /* MainNavigationController.swift */,
				E205FA0D262A0AC10080A5F5 /* MainViewController.swift */,
				E2DFBB43262C7710006FAAD6 /* CommonArtistListViewController.swift */,
			);
			path = UIViewController;
			sourceTree = "<group>";
		};
		E2DFBB48262C7725006FAAD6 /* UIButton */ = {
			isa = PBXGroup;
			children = (
				E2A0C10E262E77BF0091E6EC /* CustomButton.swift */,
				E2DFBB24262B8FC9006FAAD6 /* ShadowButton.swift */,
			);
			path = UIButton;
			sourceTree = "<group>";
		};
		E2DFBB4D262CA175006FAAD6 /* ArtistDetails */ = {
			isa = PBXGroup;
			children = (
				E2A0C14726302A3A0091E6EC /* ArtistDetailsPlaceholderViewController.swift */,
				E2DFBB52262CA291006FAAD6 /* ArtistDetailsPageViewController.swift */,
				E2DFBB4E262CA192006FAAD6 /* ArtistDetailsViewController.swift */,
			);
			path = ArtistDetails;
			sourceTree = "<group>";
		};
/* End PBXGroup section */

/* Begin PBXNativeTarget section */
		7654352025F8D5C800070C3B /* MobileChallenge */ = {
			isa = PBXNativeTarget;
			buildConfigurationList = 7654353525F8D5CA00070C3B /* Build configuration list for PBXNativeTarget "MobileChallenge" */;
			buildPhases = (
				7654354525F8D6FD00070C3B /* Apollo GraphQL Download */,
				7654355525F8DEFD00070C3B /* Apollo GraphQL Generate */,
				7654351D25F8D5C800070C3B /* Sources */,
				7654351E25F8D5C800070C3B /* Frameworks */,
				7654351F25F8D5C800070C3B /* Resources */,
			);
			buildRules = (
			);
			dependencies = (
			);
			name = MobileChallenge;
			packageProductDependencies = (
				7654353A25F8D65800070C3B /* ApolloCore */,
				7654353C25F8D65800070C3B /* ApolloSQLite */,
				7654353E25F8D65800070C3B /* ApolloWebSocket */,
				7654354025F8D65800070C3B /* Apollo */,
				7654354225F8D65800070C3B /* ApolloCodegenLib */,
				E205FA052629F8520080A5F5 /* Kingfisher */,
				E205FA0A2629FAC40080A5F5 /* SnapKit */,
				E2A0C0F8262CD6F70091E6EC /* Cosmos */,
			);
			productName = TheChallenge;
			productReference = 7654352125F8D5C800070C3B /* MobileChallenge.app */;
			productType = "com.apple.product-type.application";
		};
/* End PBXNativeTarget section */

/* Begin PBXProject section */
		7654351925F8D5C800070C3B /* Project object */ = {
			isa = PBXProject;
			attributes = {
				LastSwiftUpdateCheck = 1240;
				LastUpgradeCheck = 1240;
				TargetAttributes = {
					7654352025F8D5C800070C3B = {
						CreatedOnToolsVersion = 12.4;
					};
				};
			};
			buildConfigurationList = 7654351C25F8D5C800070C3B /* Build configuration list for PBXProject "MobileChallenge" */;
			compatibilityVersion = "Xcode 9.3";
			developmentRegion = en;
			hasScannedForEncodings = 0;
			knownRegions = (
				en,
				Base,
			);
			mainGroup = 7654351825F8D5C800070C3B;
			packageReferences = (
				7654353925F8D65800070C3B /* XCRemoteSwiftPackageReference "apollo-ios" */,
				E205FA042629F8520080A5F5 /* XCRemoteSwiftPackageReference "Kingfisher" */,
				E205FA092629FAC40080A5F5 /* XCRemoteSwiftPackageReference "SnapKit" */,
				E2A0C0F7262CD6F70091E6EC /* XCRemoteSwiftPackageReference "Cosmos" */,
			);
			productRefGroup = 7654352225F8D5C800070C3B /* Products */;
			projectDirPath = "";
			projectRoot = "";
			targets = (
				7654352025F8D5C800070C3B /* MobileChallenge */,
			);
		};
/* End PBXProject section */

/* Begin PBXResourcesBuildPhase section */
		7654351F25F8D5C800070C3B /* Resources */ = {
			isa = PBXResourcesBuildPhase;
			buildActionMask = 2147483647;
			files = (
				7654353125F8D5CA00070C3B /* LaunchScreen.storyboard in Resources */,
				E2CE9532262A2180008A6959 /* Localizable.strings in Resources */,
				7654355E25F8DF9E00070C3B /* schema.json in Resources */,
				7654352E25F8D5CA00070C3B /* Assets.xcassets in Resources */,
				7654354D25F8D83E00070C3B /* ArtistsService.graphql in Resources */,
			);
			runOnlyForDeploymentPostprocessing = 0;
		};
/* End PBXResourcesBuildPhase section */

/* Begin PBXShellScriptBuildPhase section */
		7654354525F8D6FD00070C3B /* Apollo GraphQL Download */ = {
			isa = PBXShellScriptBuildPhase;
			buildActionMask = 2147483647;
			files = (
			);
			inputFileListPaths = (
			);
			inputPaths = (
			);
			name = "Apollo GraphQL Download";
			outputFileListPaths = (
			);
			outputPaths = (
			);
			runOnlyForDeploymentPostprocessing = 0;
			shellPath = /bin/sh;
			shellScript = "cd \"${SRCROOT}/Codegen\"\nxcrun -sdk macosx swift run Codegen download\n";
		};
		7654355525F8DEFD00070C3B /* Apollo GraphQL Generate */ = {
			isa = PBXShellScriptBuildPhase;
			buildActionMask = 2147483647;
			files = (
			);
			inputFileListPaths = (
			);
			inputPaths = (
			);
			name = "Apollo GraphQL Generate";
			outputFileListPaths = (
			);
			outputPaths = (
			);
			runOnlyForDeploymentPostprocessing = 0;
			shellPath = /bin/sh;
			shellScript = "cd \"${SRCROOT}/Codegen\"\nxcrun -sdk macosx swift run Codegen generate\n";
		};
/* End PBXShellScriptBuildPhase section */

/* Begin PBXSourcesBuildPhase section */
		7654351D25F8D5C800070C3B /* Sources */ = {
			isa = PBXSourcesBuildPhase;
			buildActionMask = 2147483647;
			files = (
				E2DFBB40262BE934006FAAD6 /* BookmarksViewController.swift in Sources */,
				E2CE9545262A9CB3008A6959 /* CustomSearchController.swift in Sources */,
				E2A0C0FC262CDA500091E6EC /* UIImageView+Extension.swift in Sources */,
				E2DFBB36262BC103006FAAD6 /* ArtistLocal.swift in Sources */,
				E2CE955A262B838C008A6959 /* UIControl+Extension.swift in Sources */,
				E2A0C11E262EA3760091E6EC /* MCTagCollectionViewCell.swift in Sources */,
				E2CE9540262A462F008A6959 /* ArtistCell.swift in Sources */,
				E205FA0E262A0AC10080A5F5 /* MainViewController.swift in Sources */,
				E2A0C136262F5C5B0091E6EC /* UIViewController+Extension.swift in Sources */,
				E205F9F92629B4BF0080A5F5 /* Network.swift in Sources */,
				E2A0C10C262E519D0091E6EC /* PlaceholderView.swift in Sources */,
				7654352925F8D5C800070C3B /* ArtistsViewController.swift in Sources */,
				E2A0C14C26302AF50091E6EC /* UIColor+Extension.swift in Sources */,
				E2A0C12A262F487C0091E6EC /* SceneDelegate.swift in Sources */,
				E2DFBB53262CA291006FAAD6 /* ArtistDetailsPageViewController.swift in Sources */,
				E2A0C14826302A3A0091E6EC /* ArtistDetailsPlaceholderViewController.swift in Sources */,
				E2DFBB4F262CA192006FAAD6 /* ArtistDetailsViewController.swift in Sources */,
				E2A0C116262E887B0091E6EC /* UICollectionView+Extension.swift in Sources */,
				E2DFBB4B262C8889006FAAD6 /* BookmarksViewModel.swift in Sources */,
				E2CE9537262A21D0008A6959 /* String+Extension.swift in Sources */,
				7654352525F8D5C800070C3B /* AppDelegate.swift in Sources */,
				E2A0C103262CE6F20091E6EC /* LoadingOverlayView.swift in Sources */,
				E2CE954D262B3A82008A6959 /* UISearchBar+Extension.swift in Sources */,
				E2A0C131262F50980091E6EC /* MainSplitViewController.swift in Sources */,
				E2A0C13D262FD8B30091E6EC /* UserDefaults+Extension.swift in Sources */,
				E2A0C10F262E77BF0091E6EC /* CustomButton.swift in Sources */,
				E2A0C11B262EA3000091E6EC /* MCCollectionViewFlowLayout.swift in Sources */,
				E2DFBB32262BB65C006FAAD6 /* MobileChallenge.xcdatamodeld in Sources */,
				E2CE9549262AB6AF008A6959 /* LoadingReusableView.swift in Sources */,
				E2DFBB3C262BDBC0006FAAD6 /* ArtistsData.swift in Sources */,
				7654355B25F8DF8500070C3B /* API.swift in Sources */,
				E2A0C124262EA4250091E6EC /* MCTagsView.swift in Sources */,
				E2DFBB44262C7710006FAAD6 /* CommonArtistListViewController.swift in Sources */,
				E2DFBB25262B8FC9006FAAD6 /* ShadowButton.swift in Sources */,
				E205FA012629DD4D0080A5F5 /* ArtistsViewModel.swift in Sources */,
				E2CE953B262A3DB1008A6959 /* Artist.swift in Sources */,
				E2DFBB5C262CB61E006FAAD6 /* ArtistDetailsViewModel.swift in Sources */,
				E205FA15262A0B790080A5F5 /* Constants.swift in Sources */,
				E2A0C121262EA3C80091E6EC /* MCTagCollectionView.swift in Sources */,
				E2DFBB58262CA85B006FAAD6 /* MainNavigationController.swift in Sources */,
				E2DFBB2C262B978D006FAAD6 /* DB.swift in Sources */,
			);
			runOnlyForDeploymentPostprocessing = 0;
		};
/* End PBXSourcesBuildPhase section */

/* Begin PBXVariantGroup section */
		7654352F25F8D5CA00070C3B /* LaunchScreen.storyboard */ = {
			isa = PBXVariantGroup;
			children = (
				7654353025F8D5CA00070C3B /* Base */,
			);
			name = LaunchScreen.storyboard;
			sourceTree = "<group>";
		};
/* End PBXVariantGroup section */

/* Begin XCBuildConfiguration section */
		7654353325F8D5CA00070C3B /* Debug */ = {
			isa = XCBuildConfiguration;
			buildSettings = {
				ALWAYS_SEARCH_USER_PATHS = NO;
				CLANG_ANALYZER_NONNULL = YES;
				CLANG_ANALYZER_NUMBER_OBJECT_CONVERSION = YES_AGGRESSIVE;
				CLANG_CXX_LANGUAGE_STANDARD = "gnu++14";
				CLANG_CXX_LIBRARY = "libc++";
				CLANG_ENABLE_MODULES = YES;
				CLANG_ENABLE_OBJC_ARC = YES;
				CLANG_ENABLE_OBJC_WEAK = YES;
				CLANG_WARN_BLOCK_CAPTURE_AUTORELEASING = YES;
				CLANG_WARN_BOOL_CONVERSION = YES;
				CLANG_WARN_COMMA = YES;
				CLANG_WARN_CONSTANT_CONVERSION = YES;
				CLANG_WARN_DEPRECATED_OBJC_IMPLEMENTATIONS = YES;
				CLANG_WARN_DIRECT_OBJC_ISA_USAGE = YES_ERROR;
				CLANG_WARN_DOCUMENTATION_COMMENTS = YES;
				CLANG_WARN_EMPTY_BODY = YES;
				CLANG_WARN_ENUM_CONVERSION = YES;
				CLANG_WARN_INFINITE_RECURSION = YES;
				CLANG_WARN_INT_CONVERSION = YES;
				CLANG_WARN_NON_LITERAL_NULL_CONVERSION = YES;
				CLANG_WARN_OBJC_IMPLICIT_RETAIN_SELF = YES;
				CLANG_WARN_OBJC_LITERAL_CONVERSION = YES;
				CLANG_WARN_OBJC_ROOT_CLASS = YES_ERROR;
				CLANG_WARN_QUOTED_INCLUDE_IN_FRAMEWORK_HEADER = YES;
				CLANG_WARN_RANGE_LOOP_ANALYSIS = YES;
				CLANG_WARN_STRICT_PROTOTYPES = YES;
				CLANG_WARN_SUSPICIOUS_MOVE = YES;
				CLANG_WARN_UNGUARDED_AVAILABILITY = YES_AGGRESSIVE;
				CLANG_WARN_UNREACHABLE_CODE = YES;
				CLANG_WARN__DUPLICATE_METHOD_MATCH = YES;
				COPY_PHASE_STRIP = NO;
				DEBUG_INFORMATION_FORMAT = dwarf;
				ENABLE_STRICT_OBJC_MSGSEND = YES;
				ENABLE_TESTABILITY = YES;
				GCC_C_LANGUAGE_STANDARD = gnu11;
				GCC_DYNAMIC_NO_PIC = NO;
				GCC_NO_COMMON_BLOCKS = YES;
				GCC_OPTIMIZATION_LEVEL = 0;
				GCC_PREPROCESSOR_DEFINITIONS = (
					"DEBUG=1",
					"$(inherited)",
				);
				GCC_WARN_64_TO_32_BIT_CONVERSION = YES;
				GCC_WARN_ABOUT_RETURN_TYPE = YES_ERROR;
				GCC_WARN_UNDECLARED_SELECTOR = YES;
				GCC_WARN_UNINITIALIZED_AUTOS = YES_AGGRESSIVE;
				GCC_WARN_UNUSED_FUNCTION = YES;
				GCC_WARN_UNUSED_VARIABLE = YES;
				IPHONEOS_DEPLOYMENT_TARGET = 14.4;
				MTL_ENABLE_DEBUG_INFO = INCLUDE_SOURCE;
				MTL_FAST_MATH = YES;
				ONLY_ACTIVE_ARCH = YES;
				SDKROOT = iphoneos;
				SWIFT_ACTIVE_COMPILATION_CONDITIONS = DEBUG;
				SWIFT_OPTIMIZATION_LEVEL = "-Onone";
				SWIFT_VERSION = 5.0;
			};
			name = Debug;
		};
		7654353425F8D5CA00070C3B /* Release */ = {
			isa = XCBuildConfiguration;
			buildSettings = {
				ALWAYS_SEARCH_USER_PATHS = NO;
				CLANG_ANALYZER_NONNULL = YES;
				CLANG_ANALYZER_NUMBER_OBJECT_CONVERSION = YES_AGGRESSIVE;
				CLANG_CXX_LANGUAGE_STANDARD = "gnu++14";
				CLANG_CXX_LIBRARY = "libc++";
				CLANG_ENABLE_MODULES = YES;
				CLANG_ENABLE_OBJC_ARC = YES;
				CLANG_ENABLE_OBJC_WEAK = YES;
				CLANG_WARN_BLOCK_CAPTURE_AUTORELEASING = YES;
				CLANG_WARN_BOOL_CONVERSION = YES;
				CLANG_WARN_COMMA = YES;
				CLANG_WARN_CONSTANT_CONVERSION = YES;
				CLANG_WARN_DEPRECATED_OBJC_IMPLEMENTATIONS = YES;
				CLANG_WARN_DIRECT_OBJC_ISA_USAGE = YES_ERROR;
				CLANG_WARN_DOCUMENTATION_COMMENTS = YES;
				CLANG_WARN_EMPTY_BODY = YES;
				CLANG_WARN_ENUM_CONVERSION = YES;
				CLANG_WARN_INFINITE_RECURSION = YES;
				CLANG_WARN_INT_CONVERSION = YES;
				CLANG_WARN_NON_LITERAL_NULL_CONVERSION = YES;
				CLANG_WARN_OBJC_IMPLICIT_RETAIN_SELF = YES;
				CLANG_WARN_OBJC_LITERAL_CONVERSION = YES;
				CLANG_WARN_OBJC_ROOT_CLASS = YES_ERROR;
				CLANG_WARN_QUOTED_INCLUDE_IN_FRAMEWORK_HEADER = YES;
				CLANG_WARN_RANGE_LOOP_ANALYSIS = YES;
				CLANG_WARN_STRICT_PROTOTYPES = YES;
				CLANG_WARN_SUSPICIOUS_MOVE = YES;
				CLANG_WARN_UNGUARDED_AVAILABILITY = YES_AGGRESSIVE;
				CLANG_WARN_UNREACHABLE_CODE = YES;
				CLANG_WARN__DUPLICATE_METHOD_MATCH = YES;
				COPY_PHASE_STRIP = NO;
				DEBUG_INFORMATION_FORMAT = "dwarf-with-dsym";
				ENABLE_NS_ASSERTIONS = NO;
				ENABLE_STRICT_OBJC_MSGSEND = YES;
				GCC_C_LANGUAGE_STANDARD = gnu11;
				GCC_NO_COMMON_BLOCKS = YES;
				GCC_WARN_64_TO_32_BIT_CONVERSION = YES;
				GCC_WARN_ABOUT_RETURN_TYPE = YES_ERROR;
				GCC_WARN_UNDECLARED_SELECTOR = YES;
				GCC_WARN_UNINITIALIZED_AUTOS = YES_AGGRESSIVE;
				GCC_WARN_UNUSED_FUNCTION = YES;
				GCC_WARN_UNUSED_VARIABLE = YES;
				IPHONEOS_DEPLOYMENT_TARGET = 14.4;
				MTL_ENABLE_DEBUG_INFO = NO;
				MTL_FAST_MATH = YES;
				SDKROOT = iphoneos;
				SWIFT_COMPILATION_MODE = wholemodule;
				SWIFT_OPTIMIZATION_LEVEL = "-O";
				SWIFT_VERSION = 5.0;
				VALIDATE_PRODUCT = YES;
			};
			name = Release;
		};
		7654353625F8D5CA00070C3B /* Debug */ = {
			isa = XCBuildConfiguration;
			buildSettings = {
				ASSETCATALOG_COMPILER_APPICON_NAME = AppIcon;
				ASSETCATALOG_COMPILER_GLOBAL_ACCENT_COLOR_NAME = AccentColor;
				CODE_SIGN_STYLE = Automatic;
				DEVELOPMENT_TEAM = B6U3XM8GZP;
				INFOPLIST_FILE = "MobileChallenge/Supporting Files/Info.plist";
				LD_RUNPATH_SEARCH_PATHS = (
					"$(inherited)",
					"@executable_path/Frameworks",
				);
				PRODUCT_BUNDLE_IDENTIFIER = com.swapcard.MobileChallenge;
				PRODUCT_NAME = "$(TARGET_NAME)";
				TARGETED_DEVICE_FAMILY = "1,2";
			};
			name = Debug;
		};
		7654353725F8D5CA00070C3B /* Release */ = {
			isa = XCBuildConfiguration;
			buildSettings = {
				ASSETCATALOG_COMPILER_APPICON_NAME = AppIcon;
				ASSETCATALOG_COMPILER_GLOBAL_ACCENT_COLOR_NAME = AccentColor;
				CODE_SIGN_STYLE = Automatic;
				DEVELOPMENT_TEAM = B6U3XM8GZP;
				INFOPLIST_FILE = "MobileChallenge/Supporting Files/Info.plist";
				LD_RUNPATH_SEARCH_PATHS = (
					"$(inherited)",
					"@executable_path/Frameworks",
				);
				PRODUCT_BUNDLE_IDENTIFIER = com.swapcard.MobileChallenge;
				PRODUCT_NAME = "$(TARGET_NAME)";
				TARGETED_DEVICE_FAMILY = "1,2";
			};
			name = Release;
		};
/* End XCBuildConfiguration section */

/* Begin XCConfigurationList section */
		7654351C25F8D5C800070C3B /* Build configuration list for PBXProject "MobileChallenge" */ = {
			isa = XCConfigurationList;
			buildConfigurations = (
				7654353325F8D5CA00070C3B /* Debug */,
				7654353425F8D5CA00070C3B /* Release */,
			);
			defaultConfigurationIsVisible = 0;
			defaultConfigurationName = Release;
		};
		7654353525F8D5CA00070C3B /* Build configuration list for PBXNativeTarget "MobileChallenge" */ = {
			isa = XCConfigurationList;
			buildConfigurations = (
				7654353625F8D5CA00070C3B /* Debug */,
				7654353725F8D5CA00070C3B /* Release */,
			);
			defaultConfigurationIsVisible = 0;
			defaultConfigurationName = Release;
		};
/* End XCConfigurationList section */

/* Begin XCRemoteSwiftPackageReference section */
		7654353925F8D65800070C3B /* XCRemoteSwiftPackageReference "apollo-ios" */ = {
			isa = XCRemoteSwiftPackageReference;
			repositoryURL = "https://github.com/apollographql/apollo-ios";
			requirement = {
				kind = exactVersion;
				version = 0.39.0;
			};
		};
		E205FA042629F8520080A5F5 /* XCRemoteSwiftPackageReference "Kingfisher" */ = {
			isa = XCRemoteSwiftPackageReference;
			repositoryURL = "https://github.com/onevcat/Kingfisher.git";
			requirement = {
				kind = upToNextMajorVersion;
				minimumVersion = 6.0.0;
			};
		};
		E205FA092629FAC40080A5F5 /* XCRemoteSwiftPackageReference "SnapKit" */ = {
			isa = XCRemoteSwiftPackageReference;
			repositoryURL = "https://github.com/SnapKit/SnapKit.git";
			requirement = {
				kind = upToNextMajorVersion;
				minimumVersion = 5.0.1;
			};
		};
		E2A0C0F7262CD6F70091E6EC /* XCRemoteSwiftPackageReference "Cosmos" */ = {
			isa = XCRemoteSwiftPackageReference;
			repositoryURL = "https://github.com/evgenyneu/Cosmos.git";
			requirement = {
				kind = upToNextMajorVersion;
				minimumVersion = 23.0.0;
			};
		};
/* End XCRemoteSwiftPackageReference section */

/* Begin XCSwiftPackageProductDependency section */
		7654353A25F8D65800070C3B /* ApolloCore */ = {
			isa = XCSwiftPackageProductDependency;
			package = 7654353925F8D65800070C3B /* XCRemoteSwiftPackageReference "apollo-ios" */;
			productName = ApolloCore;
		};
		7654353C25F8D65800070C3B /* ApolloSQLite */ = {
			isa = XCSwiftPackageProductDependency;
			package = 7654353925F8D65800070C3B /* XCRemoteSwiftPackageReference "apollo-ios" */;
			productName = ApolloSQLite;
		};
		7654353E25F8D65800070C3B /* ApolloWebSocket */ = {
			isa = XCSwiftPackageProductDependency;
			package = 7654353925F8D65800070C3B /* XCRemoteSwiftPackageReference "apollo-ios" */;
			productName = ApolloWebSocket;
		};
		7654354025F8D65800070C3B /* Apollo */ = {
			isa = XCSwiftPackageProductDependency;
			package = 7654353925F8D65800070C3B /* XCRemoteSwiftPackageReference "apollo-ios" */;
			productName = Apollo;
		};
		7654354225F8D65800070C3B /* ApolloCodegenLib */ = {
			isa = XCSwiftPackageProductDependency;
			package = 7654353925F8D65800070C3B /* XCRemoteSwiftPackageReference "apollo-ios" */;
			productName = ApolloCodegenLib;
		};
		E205FA052629F8520080A5F5 /* Kingfisher */ = {
			isa = XCSwiftPackageProductDependency;
			package = E205FA042629F8520080A5F5 /* XCRemoteSwiftPackageReference "Kingfisher" */;
			productName = Kingfisher;
		};
		E205FA0A2629FAC40080A5F5 /* SnapKit */ = {
			isa = XCSwiftPackageProductDependency;
			package = E205FA092629FAC40080A5F5 /* XCRemoteSwiftPackageReference "SnapKit" */;
			productName = SnapKit;
		};
		E2A0C0F8262CD6F70091E6EC /* Cosmos */ = {
			isa = XCSwiftPackageProductDependency;
			package = E2A0C0F7262CD6F70091E6EC /* XCRemoteSwiftPackageReference "Cosmos" */;
			productName = Cosmos;
		};
/* End XCSwiftPackageProductDependency section */

/* Begin XCVersionGroup section */
		E2DFBB30262BB65C006FAAD6 /* MobileChallenge.xcdatamodeld */ = {
			isa = XCVersionGroup;
			children = (
				E2DFBB31262BB65C006FAAD6 /* MobileChallenge.xcdatamodel */,
			);
			currentVersion = E2DFBB31262BB65C006FAAD6 /* MobileChallenge.xcdatamodel */;
			path = MobileChallenge.xcdatamodeld;
			sourceTree = "<group>";
			versionGroupType = wrapper.xcdatamodel;
		};
/* End XCVersionGroup section */
	};
	rootObject = 7654351925F8D5C800070C3B /* Project object */;
}
